
Microsoft Visual Studio Solution File, Format Version 12.00
# Visual Studio Version 17
VisualStudioVersion = 17.6.33723.286
MinimumVisualStudioVersion = 10.0.40219.1
Project("{9A19103F-16F7-4668-BE54-9A1E7A4F7556}") = "Wizard Union", "Wizard Union.csproj", "{5B879B87-2B49-4210-A67D-20850E098B27}"
EndProject
Project("{FAE04EC0-301F-11D3-BF4B-00C04F79EFBC}") = "Wizard Union Test Application", "..\Wizard Union Test Application\Wizard Union Test Application.csproj", "{A0A3FFCD-EF41-4A16-9FC9-338EC45685C7}"
EndProject
Global
	GlobalSection(SolutionConfigurationPlatforms) = preSolution
		Debug|Any CPU = Debug|Any CPU
		Release|Any CPU = Release|Any CPU
	EndGlobalSection
	GlobalSection(ProjectConfigurationPlatforms) = postSolution
		{5B879B87-2B49-4210-A67D-20850E098B27}.Debug|Any CPU.ActiveCfg = Debug|Any CPU
		{5B879B87-2B49-4210-A67D-20850E098B27}.Debug|Any CPU.Build.0 = Debug|Any CPU
		{5B879B87-2B49-4210-A67D-20850E098B27}.Release|Any CPU.ActiveCfg = Release|Any CPU
		{5B879B87-2B49-4210-A67D-20850E098B27}.Release|Any CPU.Build.0 = Release|Any CPU
		{A0A3FFCD-EF41-4A16-9FC9-338EC45685C7}.Debug|Any CPU.ActiveCfg = Debug|Any CPU
		{A0A3FFCD-EF41-4A16-9FC9-338EC45685C7}.Debug|Any CPU.Build.0 = Debug|Any CPU
		{A0A3FFCD-EF41-4A16-9FC9-338EC45685C7}.Release|Any CPU.ActiveCfg = Release|Any CPU
		{A0A3FFCD-EF41-4A16-9FC9-338EC45685C7}.Release|Any CPU.Build.0 = Release|Any CPU
	EndGlobalSection
	GlobalSection(SolutionProperties) = preSolution
		HideSolutionNode = FALSE
	EndGlobalSection
	GlobalSection(ExtensibilityGlobals) = postSolution
		SolutionGuid = {BE75B702-FC43-4DDF-9E99-BE29B3FB0E59}
	EndGlobalSection
EndGlobal
